
Microsoft Visual Studio Solution File, Format Version 12.00
# Visual Studio Version 16
VisualStudioVersion = 16.0.30804.86
MinimumVisualStudioVersion = 10.0.40219.1
Project("{FAE04EC0-301F-11D3-BF4B-00C04F79EFBC}") = "XamlResourceAutoResizer", "XamlResourceAutoResizer\XamlResourceAutoResizer.csproj", "{BC405724-BD5E-47C9-A8E1-4D8C33CDCF3D}"
EndProject
Global
	GlobalSection(SolutionConfigurationPlatforms) = preSolution
		Debug|Any CPU = Debug|Any CPU
		Release|Any CPU = Release|Any CPU
	EndGlobalSection
	GlobalSection(ProjectConfigurationPlatforms) = postSolution
		{BC405724-BD5E-47C9-A8E1-4D8C33CDCF3D}.Debug|Any CPU.ActiveCfg = Debug|Any CPU
		{BC405724-BD5E-47C9-A8E1-4D8C33CDCF3D}.Debug|Any CPU.Build.0 = Debug|Any CPU
		{BC405724-BD5E-47C9-A8E1-4D8C33CDCF3D}.Release|Any CPU.ActiveCfg = Release|Any CPU
		{BC405724-BD5E-47C9-A8E1-4D8C33CDCF3D}.Release|Any CPU.Build.0 = Release|Any CPU
	EndGlobalSection
	GlobalSection(SolutionProperties) = preSolution
		HideSolutionNode = FALSE
	EndGlobalSection
	GlobalSection(ExtensibilityGlobals) = postSolution
		SolutionGuid = {F5CB1AB0-F5C6-444D-9C09-74A535CD932E}
	EndGlobalSection
EndGlobal
